
Microsoft Visual Studio Solution File, Format Version 12.00
# Visual Studio Version 17
VisualStudioVersion = 17.13.35825.156
MinimumVisualStudioVersion = 10.0.40219.1
Project("{FAE04EC0-301F-11D3-BF4B-00C04F79EFBC}") = "AccountService", "AccountService\AccountService.csproj", "{1F0E27B3-FBC0-EF27-E0A6-A10E2C626281}"
EndProject
Project("{FAE04EC0-301F-11D3-BF4B-00C04F79EFBC}") = "APIGateway", "APIGateway\APIGateway.csproj", "{ABE66B30-BD47-A7B2-B17B-5BA67959B026}"
EndProject
Project("{FAE04EC0-301F-11D3-BF4B-00C04F79EFBC}") = "AuthService", "AuthService\AuthService.csproj", "{6CDAB7B3-DE4F-6FF5-06F0-D824F083F1AF}"
EndProject
Project("{FAE04EC0-301F-11D3-BF4B-00C04F79EFBC}") = "TransactionService", "TransactionService\TransactionService.csproj", "{4956346B-31EC-4753-E3FA-C7485B6176B3}"
EndProject
Project("{FAE04EC0-301F-11D3-BF4B-00C04F79EFBC}") = "CustomerService", "CustomerService\CustomerService.csproj", "{C8E1EF95-431B-25F3-1DD5-ECA73FFFCCD1}"
EndProject
Global
	GlobalSection(SolutionConfigurationPlatforms) = preSolution
		Debug|Any CPU = Debug|Any CPU
		Release|Any CPU = Release|Any CPU
	EndGlobalSection
	GlobalSection(ProjectConfigurationPlatforms) = postSolution
		{1F0E27B3-FBC0-EF27-E0A6-A10E2C626281}.Debug|Any CPU.ActiveCfg = Debug|Any CPU
		{1F0E27B3-FBC0-EF27-E0A6-A10E2C626281}.Debug|Any CPU.Build.0 = Debug|Any CPU
		{1F0E27B3-FBC0-EF27-E0A6-A10E2C626281}.Release|Any CPU.ActiveCfg = Release|Any CPU
		{1F0E27B3-FBC0-EF27-E0A6-A10E2C626281}.Release|Any CPU.Build.0 = Release|Any CPU
		{ABE66B30-BD47-A7B2-B17B-5BA67959B026}.Debug|Any CPU.ActiveCfg = Debug|Any CPU
		{ABE66B30-BD47-A7B2-B17B-5BA67959B026}.Debug|Any CPU.Build.0 = Debug|Any CPU
		{ABE66B30-BD47-A7B2-B17B-5BA67959B026}.Release|Any CPU.ActiveCfg = Release|Any CPU
		{ABE66B30-BD47-A7B2-B17B-5BA67959B026}.Release|Any CPU.Build.0 = Release|Any CPU
		{6CDAB7B3-DE4F-6FF5-06F0-D824F083F1AF}.Debug|Any CPU.ActiveCfg = Debug|Any CPU
		{6CDAB7B3-DE4F-6FF5-06F0-D824F083F1AF}.Debug|Any CPU.Build.0 = Debug|Any CPU
		{6CDAB7B3-DE4F-6FF5-06F0-D824F083F1AF}.Release|Any CPU.ActiveCfg = Release|Any CPU
		{6CDAB7B3-DE4F-6FF5-06F0-D824F083F1AF}.Release|Any CPU.Build.0 = Release|Any CPU
		{4956346B-31EC-4753-E3FA-C7485B6176B3}.Debug|Any CPU.ActiveCfg = Debug|Any CPU
		{4956346B-31EC-4753-E3FA-C7485B6176B3}.Debug|Any CPU.Build.0 = Debug|Any CPU
		{4956346B-31EC-4753-E3FA-C7485B6176B3}.Release|Any CPU.ActiveCfg = Release|Any CPU
		{4956346B-31EC-4753-E3FA-C7485B6176B3}.Release|Any CPU.Build.0 = Release|Any CPU
		{C8E1EF95-431B-25F3-1DD5-ECA73FFFCCD1}.Debug|Any CPU.ActiveCfg = Debug|Any CPU
		{C8E1EF95-431B-25F3-1DD5-ECA73FFFCCD1}.Debug|Any CPU.Build.0 = Debug|Any CPU
		{C8E1EF95-431B-25F3-1DD5-ECA73FFFCCD1}.Release|Any CPU.ActiveCfg = Release|Any CPU
		{C8E1EF95-431B-25F3-1DD5-ECA73FFFCCD1}.Release|Any CPU.Build.0 = Release|Any CPU
	EndGlobalSection
	GlobalSection(SolutionProperties) = preSolution
		HideSolutionNode = FALSE
	EndGlobalSection
	GlobalSection(ExtensibilityGlobals) = postSolution
		SolutionGuid = {722F6D04-8DBE-42B8-8B1E-ED29FB72DF07}
	EndGlobalSection
EndGlobal
